// !$*UTF8*$!
{
	archiveVersion = 1;
	classes = {
	};
	objectVersion = 51;
	objects = {

/* Begin PBXBuildFile section */
		28A97AE211167B261ED5E510 /* Pods_Um.framework in Frameworks */ = {isa = PBXBuildFile; fileRef = 3324BB98D2ECCA28B7C7E9F8 /* Pods_Um.framework */; };
		2D13D3AE23C648A8001C91C2 /* AppDelegate.swift in Sources */ = {isa = PBXBuildFile; fileRef = 2D13D3AD23C648A8001C91C2 /* AppDelegate.swift */; };
		2D13D3B023C648A8001C91C2 /* SceneDelegate.swift in Sources */ = {isa = PBXBuildFile; fileRef = 2D13D3AF23C648A8001C91C2 /* SceneDelegate.swift */; };
		2D13D3B223C648A8001C91C2 /* ViewController.swift in Sources */ = {isa = PBXBuildFile; fileRef = 2D13D3B123C648A8001C91C2 /* ViewController.swift */; };
		2D13D3B523C648A8001C91C2 /* Main.storyboard in Resources */ = {isa = PBXBuildFile; fileRef = 2D13D3B323C648A8001C91C2 /* Main.storyboard */; };
		2D13D3B723C648AA001C91C2 /* Assets.xcassets in Resources */ = {isa = PBXBuildFile; fileRef = 2D13D3B623C648AA001C91C2 /* Assets.xcassets */; };
		2D13D3BA23C648AA001C91C2 /* LaunchScreen.storyboard in Resources */ = {isa = PBXBuildFile; fileRef = 2D13D3B823C648AA001C91C2 /* LaunchScreen.storyboard */; };
		2D13D3C523C648AA001C91C2 /* UmTests.swift in Sources */ = {isa = PBXBuildFile; fileRef = 2D13D3C423C648AA001C91C2 /* UmTests.swift */; };
		2D13D3F423C649A4001C91C2 /* Common.framework in Frameworks */ = {isa = PBXBuildFile; fileRef = 2D13D3F323C649A4001C91C2 /* Common.framework */; };
		2D13D3F523C649A4001C91C2 /* Common.framework in Embed Frameworks */ = {isa = PBXBuildFile; fileRef = 2D13D3F323C649A4001C91C2 /* Common.framework */; settings = {ATTRIBUTES = (CodeSignOnCopy, RemoveHeadersOnCopy, ); }; };
		2D13D41C23C64A02001C91C2 /* Sharing.framework in Frameworks */ = {isa = PBXBuildFile; fileRef = 2D13D41B23C64A01001C91C2 /* Sharing.framework */; };
		2D13D41D23C64A02001C91C2 /* Sharing.framework in Embed Frameworks */ = {isa = PBXBuildFile; fileRef = 2D13D41B23C64A01001C91C2 /* Sharing.framework */; settings = {ATTRIBUTES = (CodeSignOnCopy, RemoveHeadersOnCopy, ); }; };
		2D13D44B23C64A96001C91C2 /* Chat.framework in Frameworks */ = {isa = PBXBuildFile; fileRef = 2D13D44A23C64A96001C91C2 /* Chat.framework */; };
		2D13D44C23C64A96001C91C2 /* Chat.framework in Embed Frameworks */ = {isa = PBXBuildFile; fileRef = 2D13D44A23C64A96001C91C2 /* Chat.framework */; settings = {ATTRIBUTES = (CodeSignOnCopy, RemoveHeadersOnCopy, ); }; };
/* End PBXBuildFile section */

/* Begin PBXContainerItemProxy section */
		2D13D3C123C648AA001C91C2 /* PBXContainerItemProxy */ = {
			isa = PBXContainerItemProxy;
			containerPortal = 2D13D3A223C648A8001C91C2 /* Project object */;
			proxyType = 1;
			remoteGlobalIDString = 2D13D3A923C648A8001C91C2;
			remoteInfo = Um;
		};
/* End PBXContainerItemProxy section */

/* Begin PBXCopyFilesBuildPhase section */
		2D13D3F623C649A4001C91C2 /* Embed Frameworks */ = {
			isa = PBXCopyFilesBuildPhase;
			buildActionMask = 2147483647;
			dstPath = "";
			dstSubfolderSpec = 10;
			files = (
				2D13D44C23C64A96001C91C2 /* Chat.framework in Embed Frameworks */,
				2D13D3F523C649A4001C91C2 /* Common.framework in Embed Frameworks */,
				2D13D41D23C64A02001C91C2 /* Sharing.framework in Embed Frameworks */,
			);
			name = "Embed Frameworks";
			runOnlyForDeploymentPostprocessing = 0;
		};
/* End PBXCopyFilesBuildPhase section */

/* Begin PBXFileReference section */
		2D13D3AA23C648A8001C91C2 /* Um.app */ = {isa = PBXFileReference; explicitFileType = wrapper.application; includeInIndex = 0; path = Um.app; sourceTree = BUILT_PRODUCTS_DIR; };
		2D13D3AD23C648A8001C91C2 /* AppDelegate.swift */ = {isa = PBXFileReference; lastKnownFileType = sourcecode.swift; path = AppDelegate.swift; sourceTree = "<group>"; };
		2D13D3AF23C648A8001C91C2 /* SceneDelegate.swift */ = {isa = PBXFileReference; lastKnownFileType = sourcecode.swift; path = SceneDelegate.swift; sourceTree = "<group>"; };
		2D13D3B123C648A8001C91C2 /* ViewController.swift */ = {isa = PBXFileReference; lastKnownFileType = sourcecode.swift; path = ViewController.swift; sourceTree = "<group>"; };
		2D13D3B423C648A8001C91C2 /* Base */ = {isa = PBXFileReference; lastKnownFileType = file.storyboard; name = Base; path = Base.lproj/Main.storyboard; sourceTree = "<group>"; };
		2D13D3B623C648AA001C91C2 /* Assets.xcassets */ = {isa = PBXFileReference; lastKnownFileType = folder.assetcatalog; path = Assets.xcassets; sourceTree = "<group>"; };
		2D13D3B923C648AA001C91C2 /* Base */ = {isa = PBXFileReference; lastKnownFileType = file.storyboard; name = Base; path = Base.lproj/LaunchScreen.storyboard; sourceTree = "<group>"; };
		2D13D3BB23C648AA001C91C2 /* Info.plist */ = {isa = PBXFileReference; lastKnownFileType = text.plist.xml; path = Info.plist; sourceTree = "<group>"; };
		2D13D3C023C648AA001C91C2 /* UmTests.xctest */ = {isa = PBXFileReference; explicitFileType = wrapper.cfbundle; includeInIndex = 0; path = UmTests.xctest; sourceTree = BUILT_PRODUCTS_DIR; };
		2D13D3C423C648AA001C91C2 /* UmTests.swift */ = {isa = PBXFileReference; lastKnownFileType = sourcecode.swift; path = UmTests.swift; sourceTree = "<group>"; };
		2D13D3C623C648AA001C91C2 /* Info.plist */ = {isa = PBXFileReference; lastKnownFileType = text.plist.xml; path = Info.plist; sourceTree = "<group>"; };
		2D13D3F323C649A4001C91C2 /* Common.framework */ = {isa = PBXFileReference; explicitFileType = wrapper.framework; path = Common.framework; sourceTree = BUILT_PRODUCTS_DIR; };
		2D13D41B23C64A01001C91C2 /* Sharing.framework */ = {isa = PBXFileReference; explicitFileType = wrapper.framework; path = Sharing.framework; sourceTree = BUILT_PRODUCTS_DIR; };
		2D13D44A23C64A96001C91C2 /* Chat.framework */ = {isa = PBXFileReference; explicitFileType = wrapper.framework; path = Chat.framework; sourceTree = BUILT_PRODUCTS_DIR; };
		3324BB98D2ECCA28B7C7E9F8 /* Pods_Um.framework */ = {isa = PBXFileReference; explicitFileType = wrapper.framework; includeInIndex = 0; path = Pods_Um.framework; sourceTree = BUILT_PRODUCTS_DIR; };
		8A9F952745725AD5DCF17E0D /* Pods-Um.release.xcconfig */ = {isa = PBXFileReference; includeInIndex = 1; lastKnownFileType = text.xcconfig; name = "Pods-Um.release.xcconfig"; path = "Target Support Files/Pods-Um/Pods-Um.release.xcconfig"; sourceTree = "<group>"; };
		E9DA15757950DAF579B495E0 /* Pods-Um.debug.xcconfig */ = {isa = PBXFileReference; includeInIndex = 1; lastKnownFileType = text.xcconfig; name = "Pods-Um.debug.xcconfig"; path = "Target Support Files/Pods-Um/Pods-Um.debug.xcconfig"; sourceTree = "<group>"; };
/* End PBXFileReference section */

/* Begin PBXFrameworksBuildPhase section */
		2D13D3A723C648A8001C91C2 /* Frameworks */ = {
			isa = PBXFrameworksBuildPhase;
			buildActionMask = 2147483647;
			files = (
				28A97AE211167B261ED5E510 /* Pods_Um.framework in Frameworks */,
				2D13D3F423C649A4001C91C2 /* Common.framework in Frameworks */,
				2D13D44B23C64A96001C91C2 /* Chat.framework in Frameworks */,
				2D13D41C23C64A02001C91C2 /* Sharing.framework in Frameworks */,
			);
			runOnlyForDeploymentPostprocessing = 0;
		};
		2D13D3BD23C648AA001C91C2 /* Frameworks */ = {
			isa = PBXFrameworksBuildPhase;
			buildActionMask = 2147483647;
			files = (
			);
			runOnlyForDeploymentPostprocessing = 0;
		};
/* End PBXFrameworksBuildPhase section */

/* Begin PBXGroup section */
		2D13D3A123C648A8001C91C2 = {
			isa = PBXGroup;
			children = (
				2D13D3AC23C648A8001C91C2 /* Um */,
				2D13D3C323C648AA001C91C2 /* UmTests */,
				2D13D3AB23C648A8001C91C2 /* Products */,
				64116B8E0A6DE7917F6AD133 /* Pods */,
				334D72B85F7C7216195B9731 /* Frameworks */,
			);
			sourceTree = "<group>";
		};
		2D13D3AB23C648A8001C91C2 /* Products */ = {
			isa = PBXGroup;
			children = (
				2D13D3AA23C648A8001C91C2 /* Um.app */,
				2D13D3C023C648AA001C91C2 /* UmTests.xctest */,
			);
			name = Products;
			sourceTree = "<group>";
		};
		2D13D3AC23C648A8001C91C2 /* Um */ = {
			isa = PBXGroup;
			children = (
				2D13D3AD23C648A8001C91C2 /* AppDelegate.swift */,
				2D13D3AF23C648A8001C91C2 /* SceneDelegate.swift */,
				2D13D3B123C648A8001C91C2 /* ViewController.swift */,
				2D13D3B323C648A8001C91C2 /* Main.storyboard */,
				2D13D3B623C648AA001C91C2 /* Assets.xcassets */,
				2D13D3B823C648AA001C91C2 /* LaunchScreen.storyboard */,
				2D13D3BB23C648AA001C91C2 /* Info.plist */,
			);
			path = Um;
			sourceTree = "<group>";
		};
		2D13D3C323C648AA001C91C2 /* UmTests */ = {
			isa = PBXGroup;
			children = (
				2D13D3C423C648AA001C91C2 /* UmTests.swift */,
				2D13D3C623C648AA001C91C2 /* Info.plist */,
			);
			path = UmTests;
			sourceTree = "<group>";
		};
		334D72B85F7C7216195B9731 /* Frameworks */ = {
			isa = PBXGroup;
			children = (
				2D13D44A23C64A96001C91C2 /* Chat.framework */,
				2D13D41B23C64A01001C91C2 /* Sharing.framework */,
				2D13D3F323C649A4001C91C2 /* Common.framework */,
				3324BB98D2ECCA28B7C7E9F8 /* Pods_Um.framework */,
			);
			name = Frameworks;
			sourceTree = "<group>";
		};
		64116B8E0A6DE7917F6AD133 /* Pods */ = {
			isa = PBXGroup;
			children = (
				E9DA15757950DAF579B495E0 /* Pods-Um.debug.xcconfig */,
				8A9F952745725AD5DCF17E0D /* Pods-Um.release.xcconfig */,
			);
			name = Pods;
			path = ../Pods;
			sourceTree = "<group>";
		};
/* End PBXGroup section */

/* Begin PBXNativeTarget section */
		2D13D3A923C648A8001C91C2 /* Um */ = {
			isa = PBXNativeTarget;
			buildConfigurationList = 2D13D3C923C648AA001C91C2 /* Build configuration list for PBXNativeTarget "Um" */;
			buildPhases = (
				2697D6F1675B4C1BDE9B0DD6 /* [CP] Check Pods Manifest.lock */,
				2D13D3A623C648A8001C91C2 /* Sources */,
				2D13D3A723C648A8001C91C2 /* Frameworks */,
				2D13D3A823C648A8001C91C2 /* Resources */,
				64297DCC294EB1C29B53D96D /* [CP] Embed Pods Frameworks */,
				2D13D3F623C649A4001C91C2 /* Embed Frameworks */,
			);
			buildRules = (
			);
			dependencies = (
			);
			name = Um;
			productName = Um;
			productReference = 2D13D3AA23C648A8001C91C2 /* Um.app */;
			productType = "com.apple.product-type.application";
		};
		2D13D3BF23C648AA001C91C2 /* UmTests */ = {
			isa = PBXNativeTarget;
			buildConfigurationList = 2D13D3CC23C648AA001C91C2 /* Build configuration list for PBXNativeTarget "UmTests" */;
			buildPhases = (
				2D13D3BC23C648AA001C91C2 /* Sources */,
				2D13D3BD23C648AA001C91C2 /* Frameworks */,
				2D13D3BE23C648AA001C91C2 /* Resources */,
			);
			buildRules = (
			);
			dependencies = (
				2D13D3C223C648AA001C91C2 /* PBXTargetDependency */,
			);
			name = UmTests;
			productName = UmTests;
			productReference = 2D13D3C023C648AA001C91C2 /* UmTests.xctest */;
			productType = "com.apple.product-type.bundle.unit-test";
		};
/* End PBXNativeTarget section */

/* Begin PBXProject section */
		2D13D3A223C648A8001C91C2 /* Project object */ = {
			isa = PBXProject;
			attributes = {
				LastSwiftUpdateCheck = 1110;
				LastUpgradeCheck = 1110;
				ORGANIZATIONNAME = depromeet;
				TargetAttributes = {
					2D13D3A923C648A8001C91C2 = {
						CreatedOnToolsVersion = 11.1;
					};
					2D13D3BF23C648AA001C91C2 = {
						CreatedOnToolsVersion = 11.1;
						TestTargetID = 2D13D3A923C648A8001C91C2;
					};
				};
			};
			buildConfigurationList = 2D13D3A523C648A8001C91C2 /* Build configuration list for PBXProject "Um" */;
			compatibilityVersion = "Xcode 9.3";
			developmentRegion = en;
			hasScannedForEncodings = 0;
			knownRegions = (
				en,
				Base,
			);
			mainGroup = 2D13D3A123C648A8001C91C2;
			productRefGroup = 2D13D3AB23C648A8001C91C2 /* Products */;
			projectDirPath = "";
			projectRoot = "";
			targets = (
				2D13D3A923C648A8001C91C2 /* Um */,
				2D13D3BF23C648AA001C91C2 /* UmTests */,
			);
		};
/* End PBXProject section */

/* Begin PBXResourcesBuildPhase section */
		2D13D3A823C648A8001C91C2 /* Resources */ = {
			isa = PBXResourcesBuildPhase;
			buildActionMask = 2147483647;
			files = (
				2D13D3BA23C648AA001C91C2 /* LaunchScreen.storyboard in Resources */,
				2D13D3B723C648AA001C91C2 /* Assets.xcassets in Resources */,
				2D13D3B523C648A8001C91C2 /* Main.storyboard in Resources */,
			);
			runOnlyForDeploymentPostprocessing = 0;
		};
		2D13D3BE23C648AA001C91C2 /* Resources */ = {
			isa = PBXResourcesBuildPhase;
			buildActionMask = 2147483647;
			files = (
			);
			runOnlyForDeploymentPostprocessing = 0;
		};
/* End PBXResourcesBuildPhase section */

/* Begin PBXShellScriptBuildPhase section */
		2697D6F1675B4C1BDE9B0DD6 /* [CP] Check Pods Manifest.lock */ = {
			isa = PBXShellScriptBuildPhase;
			buildActionMask = 2147483647;
			files = (
			);
			inputFileListPaths = (
			);
			inputPaths = (
				"${PODS_PODFILE_DIR_PATH}/Podfile.lock",
				"${PODS_ROOT}/Manifest.lock",
			);
			name = "[CP] Check Pods Manifest.lock";
			outputFileListPaths = (
			);
			outputPaths = (
				"$(DERIVED_FILE_DIR)/Pods-Um-checkManifestLockResult.txt",
			);
			runOnlyForDeploymentPostprocessing = 0;
			shellPath = /bin/sh;
			shellScript = "diff \"${PODS_PODFILE_DIR_PATH}/Podfile.lock\" \"${PODS_ROOT}/Manifest.lock\" > /dev/null\nif [ $? != 0 ] ; then\n    # print error to STDERR\n    echo \"error: The sandbox is not in sync with the Podfile.lock. Run 'pod install' or update your CocoaPods installation.\" >&2\n    exit 1\nfi\n# This output is used by Xcode 'outputs' to avoid re-running this script phase.\necho \"SUCCESS\" > \"${SCRIPT_OUTPUT_FILE_0}\"\n";
			showEnvVarsInLog = 0;
		};
		64297DCC294EB1C29B53D96D /* [CP] Embed Pods Frameworks */ = {
			isa = PBXShellScriptBuildPhase;
			buildActionMask = 2147483647;
			files = (
			);
			inputFileListPaths = (
				"${PODS_ROOT}/Target Support Files/Pods-Um/Pods-Um-frameworks-${CONFIGURATION}-input-files.xcfilelist",
			);
			name = "[CP] Embed Pods Frameworks";
			outputFileListPaths = (
				"${PODS_ROOT}/Target Support Files/Pods-Um/Pods-Um-frameworks-${CONFIGURATION}-output-files.xcfilelist",
			);
			runOnlyForDeploymentPostprocessing = 0;
			shellPath = /bin/sh;
			shellScript = "\"${PODS_ROOT}/Target Support Files/Pods-Um/Pods-Um-frameworks.sh\"\n";
			showEnvVarsInLog = 0;
		};
/* End PBXShellScriptBuildPhase section */

/* Begin PBXSourcesBuildPhase section */
		2D13D3A623C648A8001C91C2 /* Sources */ = {
			isa = PBXSourcesBuildPhase;
			buildActionMask = 2147483647;
			files = (
				2D13D3B223C648A8001C91C2 /* ViewController.swift in Sources */,
				2D13D3AE23C648A8001C91C2 /* AppDelegate.swift in Sources */,
				2D13D3B023C648A8001C91C2 /* SceneDelegate.swift in Sources */,
			);
			runOnlyForDeploymentPostprocessing = 0;
		};
		2D13D3BC23C648AA001C91C2 /* Sources */ = {
			isa = PBXSourcesBuildPhase;
			buildActionMask = 2147483647;
			files = (
				2D13D3C523C648AA001C91C2 /* UmTests.swift in Sources */,
			);
			runOnlyForDeploymentPostprocessing = 0;
		};
/* End PBXSourcesBuildPhase section */

/* Begin PBXTargetDependency section */
		2D13D3C223C648AA001C91C2 /* PBXTargetDependency */ = {
			isa = PBXTargetDependency;
			target = 2D13D3A923C648A8001C91C2 /* Um */;
			targetProxy = 2D13D3C123C648AA001C91C2 /* PBXContainerItemProxy */;
		};
/* End PBXTargetDependency section */

/* Begin PBXVariantGroup section */
		2D13D3B323C648A8001C91C2 /* Main.storyboard */ = {
			isa = PBXVariantGroup;
			children = (
				2D13D3B423C648A8001C91C2 /* Base */,
			);
			name = Main.storyboard;
			sourceTree = "<group>";
		};
		2D13D3B823C648AA001C91C2 /* LaunchScreen.storyboard */ = {
			isa = PBXVariantGroup;
			children = (
				2D13D3B923C648AA001C91C2 /* Base */,
			);
			name = LaunchScreen.storyboard;
			sourceTree = "<group>";
		};
/* End PBXVariantGroup section */

/* Begin XCBuildConfiguration section */
		2D13D3C723C648AA001C91C2 /* Debug */ = {
			isa = XCBuildConfiguration;
			buildSettings = {
				ALWAYS_SEARCH_USER_PATHS = NO;
				CLANG_ANALYZER_NONNULL = YES;
				CLANG_ANALYZER_NUMBER_OBJECT_CONVERSION = YES_AGGRESSIVE;
				CLANG_CXX_LANGUAGE_STANDARD = "gnu++14";
				CLANG_CXX_LIBRARY = "libc++";
				CLANG_ENABLE_MODULES = YES;
				CLANG_ENABLE_OBJC_ARC = YES;
				CLANG_ENABLE_OBJC_WEAK = YES;
				CLANG_WARN_BLOCK_CAPTURE_AUTORELEASING = YES;
				CLANG_WARN_BOOL_CONVERSION = YES;
				CLANG_WARN_COMMA = YES;
				CLANG_WARN_CONSTANT_CONVERSION = YES;
				CLANG_WARN_DEPRECATED_OBJC_IMPLEMENTATIONS = YES;
				CLANG_WARN_DIRECT_OBJC_ISA_USAGE = YES_ERROR;
				CLANG_WARN_DOCUMENTATION_COMMENTS = YES;
				CLANG_WARN_EMPTY_BODY = YES;
				CLANG_WARN_ENUM_CONVERSION = YES;
				CLANG_WARN_INFINITE_RECURSION = YES;
				CLANG_WARN_INT_CONVERSION = YES;
				CLANG_WARN_NON_LITERAL_NULL_CONVERSION = YES;
				CLANG_WARN_OBJC_IMPLICIT_RETAIN_SELF = YES;
				CLANG_WARN_OBJC_LITERAL_CONVERSION = YES;
				CLANG_WARN_OBJC_ROOT_CLASS = YES_ERROR;
				CLANG_WARN_RANGE_LOOP_ANALYSIS = YES;
				CLANG_WARN_STRICT_PROTOTYPES = YES;
				CLANG_WARN_SUSPICIOUS_MOVE = YES;
				CLANG_WARN_UNGUARDED_AVAILABILITY = YES_AGGRESSIVE;
				CLANG_WARN_UNREACHABLE_CODE = YES;
				CLANG_WARN__DUPLICATE_METHOD_MATCH = YES;
				COPY_PHASE_STRIP = NO;
				DEBUG_INFORMATION_FORMAT = dwarf;
				ENABLE_STRICT_OBJC_MSGSEND = YES;
				ENABLE_TESTABILITY = YES;
				GCC_C_LANGUAGE_STANDARD = gnu11;
				GCC_DYNAMIC_NO_PIC = NO;
				GCC_NO_COMMON_BLOCKS = YES;
				GCC_OPTIMIZATION_LEVEL = 0;
				GCC_PREPROCESSOR_DEFINITIONS = (
					"DEBUG=1",
					"$(inherited)",
				);
				GCC_WARN_64_TO_32_BIT_CONVERSION = YES;
				GCC_WARN_ABOUT_RETURN_TYPE = YES_ERROR;
				GCC_WARN_UNDECLARED_SELECTOR = YES;
				GCC_WARN_UNINITIALIZED_AUTOS = YES_AGGRESSIVE;
				GCC_WARN_UNUSED_FUNCTION = YES;
				GCC_WARN_UNUSED_VARIABLE = YES;
				IPHONEOS_DEPLOYMENT_TARGET = 13.0;
				MTL_ENABLE_DEBUG_INFO = INCLUDE_SOURCE;
				MTL_FAST_MATH = YES;
				ONLY_ACTIVE_ARCH = YES;
				SDKROOT = iphoneos;
				SWIFT_ACTIVE_COMPILATION_CONDITIONS = DEBUG;
				SWIFT_OPTIMIZATION_LEVEL = "-Onone";
			};
			name = Debug;
		};
		2D13D3C823C648AA001C91C2 /* Release */ = {
			isa = XCBuildConfiguration;
			buildSettings = {
				ALWAYS_SEARCH_USER_PATHS = NO;
				CLANG_ANALYZER_NONNULL = YES;
				CLANG_ANALYZER_NUMBER_OBJECT_CONVERSION = YES_AGGRESSIVE;
				CLANG_CXX_LANGUAGE_STANDARD = "gnu++14";
				CLANG_CXX_LIBRARY = "libc++";
				CLANG_ENABLE_MODULES = YES;
				CLANG_ENABLE_OBJC_ARC = YES;
				CLANG_ENABLE_OBJC_WEAK = YES;
				CLANG_WARN_BLOCK_CAPTURE_AUTORELEASING = YES;
				CLANG_WARN_BOOL_CONVERSION = YES;
				CLANG_WARN_COMMA = YES;
				CLANG_WARN_CONSTANT_CONVERSION = YES;
				CLANG_WARN_DEPRECATED_OBJC_IMPLEMENTATIONS = YES;
				CLANG_WARN_DIRECT_OBJC_ISA_USAGE = YES_ERROR;
				CLANG_WARN_DOCUMENTATION_COMMENTS = YES;
				CLANG_WARN_EMPTY_BODY = YES;
				CLANG_WARN_ENUM_CONVERSION = YES;
				CLANG_WARN_INFINITE_RECURSION = YES;
				CLANG_WARN_INT_CONVERSION = YES;
				CLANG_WARN_NON_LITERAL_NULL_CONVERSION = YES;
				CLANG_WARN_OBJC_IMPLICIT_RETAIN_SELF = YES;
				CLANG_WARN_OBJC_LITERAL_CONVERSION = YES;
				CLANG_WARN_OBJC_ROOT_CLASS = YES_ERROR;
				CLANG_WARN_RANGE_LOOP_ANALYSIS = YES;
				CLANG_WARN_STRICT_PROTOTYPES = YES;
				CLANG_WARN_SUSPICIOUS_MOVE = YES;
				CLANG_WARN_UNGUARDED_AVAILABILITY = YES_AGGRESSIVE;
				CLANG_WARN_UNREACHABLE_CODE = YES;
				CLANG_WARN__DUPLICATE_METHOD_MATCH = YES;
				COPY_PHASE_STRIP = NO;
				DEBUG_INFORMATION_FORMAT = "dwarf-with-dsym";
				ENABLE_NS_ASSERTIONS = NO;
				ENABLE_STRICT_OBJC_MSGSEND = YES;
				GCC_C_LANGUAGE_STANDARD = gnu11;
				GCC_NO_COMMON_BLOCKS = YES;
				GCC_WARN_64_TO_32_BIT_CONVERSION = YES;
				GCC_WARN_ABOUT_RETURN_TYPE = YES_ERROR;
				GCC_WARN_UNDECLARED_SELECTOR = YES;
				GCC_WARN_UNINITIALIZED_AUTOS = YES_AGGRESSIVE;
				GCC_WARN_UNUSED_FUNCTION = YES;
				GCC_WARN_UNUSED_VARIABLE = YES;
				IPHONEOS_DEPLOYMENT_TARGET = 13.0;
				MTL_ENABLE_DEBUG_INFO = NO;
				MTL_FAST_MATH = YES;
				SDKROOT = iphoneos;
				SWIFT_COMPILATION_MODE = wholemodule;
				SWIFT_OPTIMIZATION_LEVEL = "-O";
				VALIDATE_PRODUCT = YES;
			};
			name = Release;
		};
		2D13D3CA23C648AA001C91C2 /* Debug */ = {
			isa = XCBuildConfiguration;
			baseConfigurationReference = E9DA15757950DAF579B495E0 /* Pods-Um.debug.xcconfig */;
			buildSettings = {
				ASSETCATALOG_COMPILER_APPICON_NAME = AppIcon;
				CODE_SIGN_IDENTITY = "iPhone Developer";
				CODE_SIGN_STYLE = Manual;
				DEVELOPMENT_TEAM = 7KW522KWZF;
				INFOPLIST_FILE = Um/Info.plist;
				IPHONEOS_DEPLOYMENT_TARGET = 13.0;
				LD_RUNPATH_SEARCH_PATHS = (
					"$(inherited)",
					"@executable_path/Frameworks",
				);
				PRODUCT_BUNDLE_IDENTIFIER = com.depromeet.um;
				PRODUCT_NAME = "$(TARGET_NAME)";
				PROVISIONING_PROFILE_SPECIFIER = "match Development com.depromeet.um";
				SWIFT_VERSION = 5.0;
				TARGETED_DEVICE_FAMILY = "1,2";
				VERSIONING_SYSTEM = "apple-generic";
			};
			name = Debug;
		};
		2D13D3CB23C648AA001C91C2 /* Release */ = {
			isa = XCBuildConfiguration;
			baseConfigurationReference = 8A9F952745725AD5DCF17E0D /* Pods-Um.release.xcconfig */;
			buildSettings = {
				ASSETCATALOG_COMPILER_APPICON_NAME = AppIcon;
				CODE_SIGN_IDENTITY = "iPhone Distribution";
				CODE_SIGN_STYLE = Manual;
				DEVELOPMENT_TEAM = 7KW522KWZF;
				INFOPLIST_FILE = Um/Info.plist;
				IPHONEOS_DEPLOYMENT_TARGET = 13.0;
				LD_RUNPATH_SEARCH_PATHS = (
					"$(inherited)",
					"@executable_path/Frameworks",
				);
				PRODUCT_BUNDLE_IDENTIFIER = com.depromeet.um;
				PRODUCT_NAME = "$(TARGET_NAME)";
				PROVISIONING_PROFILE_SPECIFIER = "match AppStore com.depromeet.um";
				SWIFT_VERSION = 5.0;
				TARGETED_DEVICE_FAMILY = "1,2";
				VERSIONING_SYSTEM = "apple-generic";
			};
			name = Release;
		};
		2D13D3CD23C648AA001C91C2 /* Debug */ = {
			isa = XCBuildConfiguration;
			buildSettings = {
				ALWAYS_EMBED_SWIFT_STANDARD_LIBRARIES = YES;
				BUNDLE_LOADER = "$(TEST_HOST)";
				CODE_SIGN_STYLE = Automatic;
				DEVELOPMENT_TEAM = 7KW522KWZF;
				INFOPLIST_FILE = UmTests/Info.plist;
				IPHONEOS_DEPLOYMENT_TARGET = 13.1;
				LD_RUNPATH_SEARCH_PATHS = (
					"$(inherited)",
					"@executable_path/Frameworks",
					"@loader_path/Frameworks",
				);
				PRODUCT_BUNDLE_IDENTIFIER = com.depromeet.UmTests;
				PRODUCT_NAME = "$(TARGET_NAME)";
				SWIFT_VERSION = 5.0;
				TARGETED_DEVICE_FAMILY = "1,2";
				TEST_HOST = "$(BUILT_PRODUCTS_DIR)/Um.app/Um";
			};
			name = Debug;
		};
		2D13D3CE23C648AA001C91C2 /* Release */ = {
			isa = XCBuildConfiguration;
			buildSettings = {
				ALWAYS_EMBED_SWIFT_STANDARD_LIBRARIES = YES;
				BUNDLE_LOADER = "$(TEST_HOST)";
				CODE_SIGN_STYLE = Automatic;
				DEVELOPMENT_TEAM = 7KW522KWZF;
				INFOPLIST_FILE = UmTests/Info.plist;
				IPHONEOS_DEPLOYMENT_TARGET = 13.1;
				LD_RUNPATH_SEARCH_PATHS = (
					"$(inherited)",
					"@executable_path/Frameworks",
					"@loader_path/Frameworks",
				);
				PRODUCT_BUNDLE_IDENTIFIER = com.depromeet.UmTests;
				PRODUCT_NAME = "$(TARGET_NAME)";
				SWIFT_VERSION = 5.0;
				TARGETED_DEVICE_FAMILY = "1,2";
				TEST_HOST = "$(BUILT_PRODUCTS_DIR)/Um.app/Um";
			};
			name = Release;
		};
/* End XCBuildConfiguration section */

/* Begin XCConfigurationList section */
		2D13D3A523C648A8001C91C2 /* Build configuration list for PBXProject "Um" */ = {
			isa = XCConfigurationList;
			buildConfigurations = (
				2D13D3C723C648AA001C91C2 /* Debug */,
				2D13D3C823C648AA001C91C2 /* Release */,
			);
			defaultConfigurationIsVisible = 0;
			defaultConfigurationName = Release;
		};
		2D13D3C923C648AA001C91C2 /* Build configuration list for PBXNativeTarget "Um" */ = {
			isa = XCConfigurationList;
			buildConfigurations = (
				2D13D3CA23C648AA001C91C2 /* Debug */,
				2D13D3CB23C648AA001C91C2 /* Release */,
			);
			defaultConfigurationIsVisible = 0;
			defaultConfigurationName = Release;
		};
		2D13D3CC23C648AA001C91C2 /* Build configuration list for PBXNativeTarget "UmTests" */ = {
			isa = XCConfigurationList;
			buildConfigurations = (
				2D13D3CD23C648AA001C91C2 /* Debug */,
				2D13D3CE23C648AA001C91C2 /* Release */,
			);
			defaultConfigurationIsVisible = 0;
			defaultConfigurationName = Release;
		};
/* End XCConfigurationList section */
	};
	rootObject = 2D13D3A223C648A8001C91C2 /* Project object */;
}
