// !$*UTF8*$!
{
	archiveVersion = 1;
	classes = {
	};
	objectVersion = 51;
	objects = {

/* Begin PBXBuildFile section */
		06F4DDF266FFD20F33EC754C /* Pods_UmTests.framework in Frameworks */ = {isa = PBXBuildFile; fileRef = 96F4CA84705EAEF317369F65 /* Pods_UmTests.framework */; };
		2D01332D23CA113D003C3DCA /* ApplicationInjector.swift in Sources */ = {isa = PBXBuildFile; fileRef = 2D01332C23CA113D003C3DCA /* ApplicationInjector.swift */; };
		2D01332F23CA1156003C3DCA /* ApplicationCoordinator.swift in Sources */ = {isa = PBXBuildFile; fileRef = 2D01332E23CA1156003C3DCA /* ApplicationCoordinator.swift */; };
		2D095A8023D497D000EA2161 /* AccountUI.framework in Frameworks */ = {isa = PBXBuildFile; fileRef = 2D095A7D23D497D000EA2161 /* AccountUI.framework */; };
		2D095A8123D497D000EA2161 /* AccountUI.framework in Embed Frameworks */ = {isa = PBXBuildFile; fileRef = 2D095A7D23D497D000EA2161 /* AccountUI.framework */; settings = {ATTRIBUTES = (CodeSignOnCopy, RemoveHeadersOnCopy, ); }; };
		2D095A8223D497D000EA2161 /* AuthService.framework in Frameworks */ = {isa = PBXBuildFile; fileRef = 2D095A7E23D497D000EA2161 /* AuthService.framework */; };
		2D095A8323D497D000EA2161 /* AuthService.framework in Embed Frameworks */ = {isa = PBXBuildFile; fileRef = 2D095A7E23D497D000EA2161 /* AuthService.framework */; settings = {ATTRIBUTES = (CodeSignOnCopy, RemoveHeadersOnCopy, ); }; };
		2D095A8423D497D000EA2161 /* UserService.framework in Frameworks */ = {isa = PBXBuildFile; fileRef = 2D095A7F23D497D000EA2161 /* UserService.framework */; };
		2D095A8523D497D000EA2161 /* UserService.framework in Embed Frameworks */ = {isa = PBXBuildFile; fileRef = 2D095A7F23D497D000EA2161 /* UserService.framework */; settings = {ATTRIBUTES = (CodeSignOnCopy, RemoveHeadersOnCopy, ); }; };
		2D13D3AE23C648A8001C91C2 /* AppDelegate.swift in Sources */ = {isa = PBXBuildFile; fileRef = 2D13D3AD23C648A8001C91C2 /* AppDelegate.swift */; };
		2D13D3B523C648A8001C91C2 /* Main.storyboard in Resources */ = {isa = PBXBuildFile; fileRef = 2D13D3B323C648A8001C91C2 /* Main.storyboard */; };
		2D13D3B723C648AA001C91C2 /* Assets.xcassets in Resources */ = {isa = PBXBuildFile; fileRef = 2D13D3B623C648AA001C91C2 /* Assets.xcassets */; };
		2D13D3BA23C648AA001C91C2 /* LaunchScreen.storyboard in Resources */ = {isa = PBXBuildFile; fileRef = 2D13D3B823C648AA001C91C2 /* LaunchScreen.storyboard */; };
		2D13D3C523C648AA001C91C2 /* UmTests.swift in Sources */ = {isa = PBXBuildFile; fileRef = 2D13D3C423C648AA001C91C2 /* UmTests.swift */; };
		2D13D3F423C649A4001C91C2 /* Common.framework in Frameworks */ = {isa = PBXBuildFile; fileRef = 2D13D3F323C649A4001C91C2 /* Common.framework */; };
		2D13D3F523C649A4001C91C2 /* Common.framework in Embed Frameworks */ = {isa = PBXBuildFile; fileRef = 2D13D3F323C649A4001C91C2 /* Common.framework */; settings = {ATTRIBUTES = (CodeSignOnCopy, RemoveHeadersOnCopy, ); }; };
		2D13D44B23C64A96001C91C2 /* Chat.framework in Frameworks */ = {isa = PBXBuildFile; fileRef = 2D13D44A23C64A96001C91C2 /* Chat.framework */; };
		2D13D44C23C64A96001C91C2 /* Chat.framework in Embed Frameworks */ = {isa = PBXBuildFile; fileRef = 2D13D44A23C64A96001C91C2 /* Chat.framework */; settings = {ATTRIBUTES = (CodeSignOnCopy, RemoveHeadersOnCopy, ); }; };
		2D2BBC2723CCC0AF0052394B /* ShareService.framework in Frameworks */ = {isa = PBXBuildFile; fileRef = 2D2BBC2523CCC0AE0052394B /* ShareService.framework */; };
		2D2BBC2823CCC0AF0052394B /* ShareService.framework in Embed Frameworks */ = {isa = PBXBuildFile; fileRef = 2D2BBC2523CCC0AE0052394B /* ShareService.framework */; settings = {ATTRIBUTES = (CodeSignOnCopy, RemoveHeadersOnCopy, ); }; };
		2D2BBC2923CCC0AF0052394B /* ShareUI.framework in Frameworks */ = {isa = PBXBuildFile; fileRef = 2D2BBC2623CCC0AF0052394B /* ShareUI.framework */; };
		2D2BBC2A23CCC0AF0052394B /* ShareUI.framework in Embed Frameworks */ = {isa = PBXBuildFile; fileRef = 2D2BBC2623CCC0AF0052394B /* ShareUI.framework */; settings = {ATTRIBUTES = (CodeSignOnCopy, RemoveHeadersOnCopy, ); }; };
		2D2BBC2C23CCC27B0052394B /* ApplicationConfiguration.swift in Sources */ = {isa = PBXBuildFile; fileRef = 2D2BBC2B23CCC27B0052394B /* ApplicationConfiguration.swift */; };
		2D2BBC3223CCC46D0052394B /* MainTabBarController.swift in Sources */ = {isa = PBXBuildFile; fileRef = 2D2BBC3123CCC46D0052394B /* MainTabBarController.swift */; };
		2D7795C523CCCE57005B84A9 /* MainTabCoordinator.swift in Sources */ = {isa = PBXBuildFile; fileRef = 2D7795C423CCCE57005B84A9 /* MainTabCoordinator.swift */; };
		2D7795C923CCCEA0005B84A9 /* MainModuleFactory.swift in Sources */ = {isa = PBXBuildFile; fileRef = 2D7795C823CCCEA0005B84A9 /* MainModuleFactory.swift */; };
		2D7795CB23CCCEBF005B84A9 /* MainModuleFactoryType.swift in Sources */ = {isa = PBXBuildFile; fileRef = 2D7795CA23CCCEBF005B84A9 /* MainModuleFactoryType.swift */; };
		2D7795CE23CCCF2B005B84A9 /* MainCoordinatorFactory.swift in Sources */ = {isa = PBXBuildFile; fileRef = 2D7795CD23CCCF2B005B84A9 /* MainCoordinatorFactory.swift */; };
		2D7795D023CCCF45005B84A9 /* MainCoordinatorFactoryProtocol.swift in Sources */ = {isa = PBXBuildFile; fileRef = 2D7795CF23CCCF45005B84A9 /* MainCoordinatorFactoryProtocol.swift */; };
		2D91E7EC23CA3C2E00446794 /* GoogleService-Info.plist in Resources */ = {isa = PBXBuildFile; fileRef = 2D01333023CA1A1B003C3DCA /* GoogleService-Info.plist */; };
		2DD4294623CC98A900544117 /* Share.framework in Frameworks */ = {isa = PBXBuildFile; fileRef = 2DD4294523CC98A900544117 /* Share.framework */; };
		2DD4294723CC98A900544117 /* Share.framework in Embed Frameworks */ = {isa = PBXBuildFile; fileRef = 2DD4294523CC98A900544117 /* Share.framework */; settings = {ATTRIBUTES = (CodeSignOnCopy, RemoveHeadersOnCopy, ); }; };
		2DD4297223CC995A00544117 /* Account.framework in Frameworks */ = {isa = PBXBuildFile; fileRef = 2DD4297123CC995A00544117 /* Account.framework */; };
		2DD4297323CC995A00544117 /* Account.framework in Embed Frameworks */ = {isa = PBXBuildFile; fileRef = 2DD4297123CC995A00544117 /* Account.framework */; settings = {ATTRIBUTES = (CodeSignOnCopy, RemoveHeadersOnCopy, ); }; };
		5C7CDF8E277C90E5545F0B2F /* Pods_Um.framework in Frameworks */ = {isa = PBXBuildFile; fileRef = 794682E0008EEB0C5BFE294D /* Pods_Um.framework */; };
/* End PBXBuildFile section */

/* Begin PBXContainerItemProxy section */
		2D13D3C123C648AA001C91C2 /* PBXContainerItemProxy */ = {
			isa = PBXContainerItemProxy;
			containerPortal = 2D13D3A223C648A8001C91C2 /* Project object */;
			proxyType = 1;
			remoteGlobalIDString = 2D13D3A923C648A8001C91C2;
			remoteInfo = Um;
		};
/* End PBXContainerItemProxy section */

/* Begin PBXCopyFilesBuildPhase section */
		2D13D3F623C649A4001C91C2 /* Embed Frameworks */ = {
			isa = PBXCopyFilesBuildPhase;
			buildActionMask = 2147483647;
			dstPath = "";
			dstSubfolderSpec = 10;
			files = (
				2D095A8523D497D000EA2161 /* UserService.framework in Embed Frameworks */,
				2D2BBC2823CCC0AF0052394B /* ShareService.framework in Embed Frameworks */,
				2D095A8123D497D000EA2161 /* AccountUI.framework in Embed Frameworks */,
				2D13D44C23C64A96001C91C2 /* Chat.framework in Embed Frameworks */,
				2DD4294723CC98A900544117 /* Share.framework in Embed Frameworks */,
				2D095A8323D497D000EA2161 /* AuthService.framework in Embed Frameworks */,
				2DD4297323CC995A00544117 /* Account.framework in Embed Frameworks */,
				2D2BBC2A23CCC0AF0052394B /* ShareUI.framework in Embed Frameworks */,
				2D13D3F523C649A4001C91C2 /* Common.framework in Embed Frameworks */,
			);
			name = "Embed Frameworks";
			runOnlyForDeploymentPostprocessing = 0;
		};
/* End PBXCopyFilesBuildPhase section */

/* Begin PBXFileReference section */
		2D01332C23CA113D003C3DCA /* ApplicationInjector.swift */ = {isa = PBXFileReference; lastKnownFileType = sourcecode.swift; path = ApplicationInjector.swift; sourceTree = "<group>"; };
		2D01332E23CA1156003C3DCA /* ApplicationCoordinator.swift */ = {isa = PBXFileReference; lastKnownFileType = sourcecode.swift; path = ApplicationCoordinator.swift; sourceTree = "<group>"; };
		2D01333023CA1A1B003C3DCA /* GoogleService-Info.plist */ = {isa = PBXFileReference; fileEncoding = 4; lastKnownFileType = text.plist.xml; path = "GoogleService-Info.plist"; sourceTree = "<group>"; };
		2D095A7D23D497D000EA2161 /* AccountUI.framework */ = {isa = PBXFileReference; explicitFileType = wrapper.framework; path = AccountUI.framework; sourceTree = BUILT_PRODUCTS_DIR; };
		2D095A7E23D497D000EA2161 /* AuthService.framework */ = {isa = PBXFileReference; explicitFileType = wrapper.framework; path = AuthService.framework; sourceTree = BUILT_PRODUCTS_DIR; };
		2D095A7F23D497D000EA2161 /* UserService.framework */ = {isa = PBXFileReference; explicitFileType = wrapper.framework; path = UserService.framework; sourceTree = BUILT_PRODUCTS_DIR; };
		2D13D3AA23C648A8001C91C2 /* Um.app */ = {isa = PBXFileReference; explicitFileType = wrapper.application; includeInIndex = 0; path = Um.app; sourceTree = BUILT_PRODUCTS_DIR; };
		2D13D3AD23C648A8001C91C2 /* AppDelegate.swift */ = {isa = PBXFileReference; lastKnownFileType = sourcecode.swift; path = AppDelegate.swift; sourceTree = "<group>"; };
		2D13D3B423C648A8001C91C2 /* Base */ = {isa = PBXFileReference; lastKnownFileType = file.storyboard; name = Base; path = Base.lproj/Main.storyboard; sourceTree = "<group>"; };
		2D13D3B623C648AA001C91C2 /* Assets.xcassets */ = {isa = PBXFileReference; lastKnownFileType = folder.assetcatalog; path = Assets.xcassets; sourceTree = "<group>"; };
		2D13D3B923C648AA001C91C2 /* Base */ = {isa = PBXFileReference; lastKnownFileType = file.storyboard; name = Base; path = Base.lproj/LaunchScreen.storyboard; sourceTree = "<group>"; };
		2D13D3BB23C648AA001C91C2 /* Info.plist */ = {isa = PBXFileReference; lastKnownFileType = text.plist.xml; path = Info.plist; sourceTree = "<group>"; };
		2D13D3C023C648AA001C91C2 /* UmTests.xctest */ = {isa = PBXFileReference; explicitFileType = wrapper.cfbundle; includeInIndex = 0; path = UmTests.xctest; sourceTree = BUILT_PRODUCTS_DIR; };
		2D13D3C423C648AA001C91C2 /* UmTests.swift */ = {isa = PBXFileReference; lastKnownFileType = sourcecode.swift; path = UmTests.swift; sourceTree = "<group>"; };
		2D13D3C623C648AA001C91C2 /* Info.plist */ = {isa = PBXFileReference; lastKnownFileType = text.plist.xml; path = Info.plist; sourceTree = "<group>"; };
		2D13D3F323C649A4001C91C2 /* Common.framework */ = {isa = PBXFileReference; explicitFileType = wrapper.framework; path = Common.framework; sourceTree = BUILT_PRODUCTS_DIR; };
		2D13D44A23C64A96001C91C2 /* Chat.framework */ = {isa = PBXFileReference; explicitFileType = wrapper.framework; path = Chat.framework; sourceTree = BUILT_PRODUCTS_DIR; };
		2D2BBC2523CCC0AE0052394B /* ShareService.framework */ = {isa = PBXFileReference; explicitFileType = wrapper.framework; path = ShareService.framework; sourceTree = BUILT_PRODUCTS_DIR; };
		2D2BBC2623CCC0AF0052394B /* ShareUI.framework */ = {isa = PBXFileReference; explicitFileType = wrapper.framework; path = ShareUI.framework; sourceTree = BUILT_PRODUCTS_DIR; };
		2D2BBC2B23CCC27B0052394B /* ApplicationConfiguration.swift */ = {isa = PBXFileReference; lastKnownFileType = sourcecode.swift; path = ApplicationConfiguration.swift; sourceTree = "<group>"; };
		2D2BBC3123CCC46D0052394B /* MainTabBarController.swift */ = {isa = PBXFileReference; lastKnownFileType = sourcecode.swift; path = MainTabBarController.swift; sourceTree = "<group>"; };
		2D7795C423CCCE57005B84A9 /* MainTabCoordinator.swift */ = {isa = PBXFileReference; lastKnownFileType = sourcecode.swift; path = MainTabCoordinator.swift; sourceTree = "<group>"; };
		2D7795C823CCCEA0005B84A9 /* MainModuleFactory.swift */ = {isa = PBXFileReference; lastKnownFileType = sourcecode.swift; path = MainModuleFactory.swift; sourceTree = "<group>"; };
		2D7795CA23CCCEBF005B84A9 /* MainModuleFactoryType.swift */ = {isa = PBXFileReference; lastKnownFileType = sourcecode.swift; path = MainModuleFactoryType.swift; sourceTree = "<group>"; };
		2D7795CD23CCCF2B005B84A9 /* MainCoordinatorFactory.swift */ = {isa = PBXFileReference; lastKnownFileType = sourcecode.swift; path = MainCoordinatorFactory.swift; sourceTree = "<group>"; };
		2D7795CF23CCCF45005B84A9 /* MainCoordinatorFactoryProtocol.swift */ = {isa = PBXFileReference; lastKnownFileType = sourcecode.swift; path = MainCoordinatorFactoryProtocol.swift; sourceTree = "<group>"; };
		2DD4294523CC98A900544117 /* Share.framework */ = {isa = PBXFileReference; explicitFileType = wrapper.framework; path = Share.framework; sourceTree = BUILT_PRODUCTS_DIR; };
		2DD4297123CC995A00544117 /* Account.framework */ = {isa = PBXFileReference; explicitFileType = wrapper.framework; path = Account.framework; sourceTree = BUILT_PRODUCTS_DIR; };
		794682E0008EEB0C5BFE294D /* Pods_Um.framework */ = {isa = PBXFileReference; explicitFileType = wrapper.framework; includeInIndex = 0; path = Pods_Um.framework; sourceTree = BUILT_PRODUCTS_DIR; };
		858ABA52857DBE0F5CBF4D4D /* Pods-UmTests.release.xcconfig */ = {isa = PBXFileReference; includeInIndex = 1; lastKnownFileType = text.xcconfig; name = "Pods-UmTests.release.xcconfig"; path = "Target Support Files/Pods-UmTests/Pods-UmTests.release.xcconfig"; sourceTree = "<group>"; };
		96F4CA84705EAEF317369F65 /* Pods_UmTests.framework */ = {isa = PBXFileReference; explicitFileType = wrapper.framework; includeInIndex = 0; path = Pods_UmTests.framework; sourceTree = BUILT_PRODUCTS_DIR; };
		ACB0704C37AEB48A5479CA29 /* Pods-Um.release.xcconfig */ = {isa = PBXFileReference; includeInIndex = 1; lastKnownFileType = text.xcconfig; name = "Pods-Um.release.xcconfig"; path = "Target Support Files/Pods-Um/Pods-Um.release.xcconfig"; sourceTree = "<group>"; };
		CC8A1F01BFC5805BDFEBD3AA /* Pods-UmTests.debug.xcconfig */ = {isa = PBXFileReference; includeInIndex = 1; lastKnownFileType = text.xcconfig; name = "Pods-UmTests.debug.xcconfig"; path = "Target Support Files/Pods-UmTests/Pods-UmTests.debug.xcconfig"; sourceTree = "<group>"; };
		ECE2C43C6F8D7378ECAB1591 /* Pods-Um.debug.xcconfig */ = {isa = PBXFileReference; includeInIndex = 1; lastKnownFileType = text.xcconfig; name = "Pods-Um.debug.xcconfig"; path = "Target Support Files/Pods-Um/Pods-Um.debug.xcconfig"; sourceTree = "<group>"; };
/* End PBXFileReference section */

/* Begin PBXFrameworksBuildPhase section */
		2D13D3A723C648A8001C91C2 /* Frameworks */ = {
			isa = PBXFrameworksBuildPhase;
			buildActionMask = 2147483647;
			files = (
				2D2BBC2923CCC0AF0052394B /* ShareUI.framework in Frameworks */,
				2D2BBC2723CCC0AF0052394B /* ShareService.framework in Frameworks */,
				2D095A8023D497D000EA2161 /* AccountUI.framework in Frameworks */,
				2DD4297223CC995A00544117 /* Account.framework in Frameworks */,
				2D095A8223D497D000EA2161 /* AuthService.framework in Frameworks */,
				2D095A8423D497D000EA2161 /* UserService.framework in Frameworks */,
				2D13D3F423C649A4001C91C2 /* Common.framework in Frameworks */,
				2D13D44B23C64A96001C91C2 /* Chat.framework in Frameworks */,
				2DD4294623CC98A900544117 /* Share.framework in Frameworks */,
				5C7CDF8E277C90E5545F0B2F /* Pods_Um.framework in Frameworks */,
			);
			runOnlyForDeploymentPostprocessing = 0;
		};
		2D13D3BD23C648AA001C91C2 /* Frameworks */ = {
			isa = PBXFrameworksBuildPhase;
			buildActionMask = 2147483647;
			files = (
				06F4DDF266FFD20F33EC754C /* Pods_UmTests.framework in Frameworks */,
			);
			runOnlyForDeploymentPostprocessing = 0;
		};
/* End PBXFrameworksBuildPhase section */

/* Begin PBXGroup section */
		2D13D3A123C648A8001C91C2 = {
			isa = PBXGroup;
			children = (
				2D13D3AC23C648A8001C91C2 /* Um */,
				2D13D3C323C648AA001C91C2 /* UmTests */,
				2D13D3AB23C648A8001C91C2 /* Products */,
				334D72B85F7C7216195B9731 /* Frameworks */,
				37F8AB0370B05962E168A95C /* Pods */,
			);
			indentWidth = 2;
			sourceTree = "<group>";
			tabWidth = 2;
		};
		2D13D3AB23C648A8001C91C2 /* Products */ = {
			isa = PBXGroup;
			children = (
				2D13D3AA23C648A8001C91C2 /* Um.app */,
				2D13D3C023C648AA001C91C2 /* UmTests.xctest */,
			);
			name = Products;
			sourceTree = "<group>";
		};
		2D13D3AC23C648A8001C91C2 /* Um */ = {
			isa = PBXGroup;
			children = (
				2D3F99BF23C9F7CB007A4863 /* App */,
				2D3F99C323C9F8EF007A4863 /* Configuration */,
				2D3F99C023C9F7DC007A4863 /* Resources */,
			);
			path = Um;
			sourceTree = "<group>";
		};
		2D13D3C323C648AA001C91C2 /* UmTests */ = {
			isa = PBXGroup;
			children = (
				2D13D3C423C648AA001C91C2 /* UmTests.swift */,
				2D13D3C623C648AA001C91C2 /* Info.plist */,
			);
			path = UmTests;
			sourceTree = "<group>";
		};
		2D2BBC2D23CCC3E60052394B /* UI */ = {
			isa = PBXGroup;
			children = (
				2D2BBC2E23CCC4150052394B /* Coordinators */,
				2D7795C623CCCE76005B84A9 /* Factories */,
				2D2BBC2F23CCC4230052394B /* Views */,
			);
			path = UI;
			sourceTree = "<group>";
		};
		2D2BBC2E23CCC4150052394B /* Coordinators */ = {
			isa = PBXGroup;
			children = (
				2D7795C423CCCE57005B84A9 /* MainTabCoordinator.swift */,
			);
			path = Coordinators;
			sourceTree = "<group>";
		};
		2D2BBC2F23CCC4230052394B /* Views */ = {
			isa = PBXGroup;
			children = (
				2D2BBC3323CCC4C10052394B /* Launch */,
				2D2BBC3023CCC42E0052394B /* Main */,
			);
			path = Views;
			sourceTree = "<group>";
		};
		2D2BBC3023CCC42E0052394B /* Main */ = {
			isa = PBXGroup;
			children = (
				2D13D3B323C648A8001C91C2 /* Main.storyboard */,
				2D2BBC3123CCC46D0052394B /* MainTabBarController.swift */,
			);
			path = Main;
			sourceTree = "<group>";
		};
		2D2BBC3323CCC4C10052394B /* Launch */ = {
			isa = PBXGroup;
			children = (
				2D13D3B823C648AA001C91C2 /* LaunchScreen.storyboard */,
			);
			path = Launch;
			sourceTree = "<group>";
		};
		2D3F99BF23C9F7CB007A4863 /* App */ = {
			isa = PBXGroup;
			children = (
				2D13D3AD23C648A8001C91C2 /* AppDelegate.swift */,
				2D01332C23CA113D003C3DCA /* ApplicationInjector.swift */,
				2D01332E23CA1156003C3DCA /* ApplicationCoordinator.swift */,
				2D2BBC2B23CCC27B0052394B /* ApplicationConfiguration.swift */,
				2D2BBC2D23CCC3E60052394B /* UI */,
			);
			path = App;
			sourceTree = "<group>";
		};
		2D3F99C023C9F7DC007A4863 /* Resources */ = {
			isa = PBXGroup;
			children = (
				2D13D3B623C648AA001C91C2 /* Assets.xcassets */,
			);
			path = Resources;
			sourceTree = "<group>";
		};
		2D3F99C323C9F8EF007A4863 /* Configuration */ = {
			isa = PBXGroup;
			children = (
				2D01333023CA1A1B003C3DCA /* GoogleService-Info.plist */,
				2D13D3BB23C648AA001C91C2 /* Info.plist */,
			);
			path = Configuration;
			sourceTree = "<group>";
		};
		2D7795C623CCCE76005B84A9 /* Factories */ = {
			isa = PBXGroup;
			children = (
				2D7795CC23CCCF1A005B84A9 /* Coordinator */,
				2D7795C723CCCE8A005B84A9 /* Module */,
			);
			path = Factories;
			sourceTree = "<group>";
		};
		2D7795C723CCCE8A005B84A9 /* Module */ = {
			isa = PBXGroup;
			children = (
				2D7795C823CCCEA0005B84A9 /* MainModuleFactory.swift */,
				2D7795CA23CCCEBF005B84A9 /* MainModuleFactoryType.swift */,
			);
			path = Module;
			sourceTree = "<group>";
		};
		2D7795CC23CCCF1A005B84A9 /* Coordinator */ = {
			isa = PBXGroup;
			children = (
				2D7795CD23CCCF2B005B84A9 /* MainCoordinatorFactory.swift */,
				2D7795CF23CCCF45005B84A9 /* MainCoordinatorFactoryProtocol.swift */,
			);
			path = Coordinator;
			sourceTree = "<group>";
		};
		334D72B85F7C7216195B9731 /* Frameworks */ = {
			isa = PBXGroup;
			children = (
				2D095A7D23D497D000EA2161 /* AccountUI.framework */,
				2D095A7E23D497D000EA2161 /* AuthService.framework */,
				2D095A7F23D497D000EA2161 /* UserService.framework */,
				2D2BBC2523CCC0AE0052394B /* ShareService.framework */,
				2D2BBC2623CCC0AF0052394B /* ShareUI.framework */,
				2DD4297123CC995A00544117 /* Account.framework */,
				2DD4294523CC98A900544117 /* Share.framework */,
				2D13D44A23C64A96001C91C2 /* Chat.framework */,
				2D13D3F323C649A4001C91C2 /* Common.framework */,
				794682E0008EEB0C5BFE294D /* Pods_Um.framework */,
				96F4CA84705EAEF317369F65 /* Pods_UmTests.framework */,
			);
			name = Frameworks;
			sourceTree = "<group>";
		};
		37F8AB0370B05962E168A95C /* Pods */ = {
			isa = PBXGroup;
			children = (
				ECE2C43C6F8D7378ECAB1591 /* Pods-Um.debug.xcconfig */,
				ACB0704C37AEB48A5479CA29 /* Pods-Um.release.xcconfig */,
				CC8A1F01BFC5805BDFEBD3AA /* Pods-UmTests.debug.xcconfig */,
				858ABA52857DBE0F5CBF4D4D /* Pods-UmTests.release.xcconfig */,
			);
			name = Pods;
			path = ../Pods;
			sourceTree = "<group>";
		};
/* End PBXGroup section */

/* Begin PBXNativeTarget section */
		2D13D3A923C648A8001C91C2 /* Um */ = {
			isa = PBXNativeTarget;
			buildConfigurationList = 2D13D3C923C648AA001C91C2 /* Build configuration list for PBXNativeTarget "Um" */;
			buildPhases = (
				9252CF0BCC3BB51EBBEA4B81 /* [CP] Check Pods Manifest.lock */,
				2D13D3A623C648A8001C91C2 /* Sources */,
				2D13D3A723C648A8001C91C2 /* Frameworks */,
				2D13D3A823C648A8001C91C2 /* Resources */,
				2D13D3F623C649A4001C91C2 /* Embed Frameworks */,
				02C585DA4BEC7010F0357D87 /* [CP] Embed Pods Frameworks */,
				2D01333223CA1A61003C3DCA /*  Firebase Crashlytics */,
			);
			buildRules = (
			);
			dependencies = (
			);
			name = Um;
			productName = Um;
			productReference = 2D13D3AA23C648A8001C91C2 /* Um.app */;
			productType = "com.apple.product-type.application";
		};
		2D13D3BF23C648AA001C91C2 /* UmTests */ = {
			isa = PBXNativeTarget;
			buildConfigurationList = 2D13D3CC23C648AA001C91C2 /* Build configuration list for PBXNativeTarget "UmTests" */;
			buildPhases = (
				68B3DC9938E0FA57E0FBEBF4 /* [CP] Check Pods Manifest.lock */,
				2D13D3BC23C648AA001C91C2 /* Sources */,
				2D13D3BD23C648AA001C91C2 /* Frameworks */,
				2D13D3BE23C648AA001C91C2 /* Resources */,
			);
			buildRules = (
			);
			dependencies = (
				2D13D3C223C648AA001C91C2 /* PBXTargetDependency */,
			);
			name = UmTests;
			productName = UmTests;
			productReference = 2D13D3C023C648AA001C91C2 /* UmTests.xctest */;
			productType = "com.apple.product-type.bundle.unit-test";
		};
/* End PBXNativeTarget section */

/* Begin PBXProject section */
		2D13D3A223C648A8001C91C2 /* Project object */ = {
			isa = PBXProject;
			attributes = {
				LastSwiftUpdateCheck = 1110;
				LastUpgradeCheck = 1110;
				ORGANIZATIONNAME = depromeet;
				TargetAttributes = {
					2D13D3A923C648A8001C91C2 = {
						CreatedOnToolsVersion = 11.1;
					};
					2D13D3BF23C648AA001C91C2 = {
						CreatedOnToolsVersion = 11.1;
						TestTargetID = 2D13D3A923C648A8001C91C2;
					};
				};
			};
			buildConfigurationList = 2D13D3A523C648A8001C91C2 /* Build configuration list for PBXProject "Um" */;
			compatibilityVersion = "Xcode 9.3";
			developmentRegion = en;
			hasScannedForEncodings = 0;
			knownRegions = (
				en,
				Base,
			);
			mainGroup = 2D13D3A123C648A8001C91C2;
			productRefGroup = 2D13D3AB23C648A8001C91C2 /* Products */;
			projectDirPath = "";
			projectRoot = "";
			targets = (
				2D13D3A923C648A8001C91C2 /* Um */,
				2D13D3BF23C648AA001C91C2 /* UmTests */,
			);
		};
/* End PBXProject section */

/* Begin PBXResourcesBuildPhase section */
		2D13D3A823C648A8001C91C2 /* Resources */ = {
			isa = PBXResourcesBuildPhase;
			buildActionMask = 2147483647;
			files = (
				2D13D3BA23C648AA001C91C2 /* LaunchScreen.storyboard in Resources */,
				2D91E7EC23CA3C2E00446794 /* GoogleService-Info.plist in Resources */,
				2D13D3B723C648AA001C91C2 /* Assets.xcassets in Resources */,
				2D13D3B523C648A8001C91C2 /* Main.storyboard in Resources */,
			);
			runOnlyForDeploymentPostprocessing = 0;
		};
		2D13D3BE23C648AA001C91C2 /* Resources */ = {
			isa = PBXResourcesBuildPhase;
			buildActionMask = 2147483647;
			files = (
			);
			runOnlyForDeploymentPostprocessing = 0;
		};
/* End PBXResourcesBuildPhase section */

/* Begin PBXShellScriptBuildPhase section */
		02C585DA4BEC7010F0357D87 /* [CP] Embed Pods Frameworks */ = {
			isa = PBXShellScriptBuildPhase;
			buildActionMask = 2147483647;
			files = (
			);
			inputFileListPaths = (
				"${PODS_ROOT}/Target Support Files/Pods-Um/Pods-Um-frameworks-${CONFIGURATION}-input-files.xcfilelist",
			);
			name = "[CP] Embed Pods Frameworks";
			outputFileListPaths = (
				"${PODS_ROOT}/Target Support Files/Pods-Um/Pods-Um-frameworks-${CONFIGURATION}-output-files.xcfilelist",
			);
			runOnlyForDeploymentPostprocessing = 0;
			shellPath = /bin/sh;
			shellScript = "\"${PODS_ROOT}/Target Support Files/Pods-Um/Pods-Um-frameworks.sh\"\n";
			showEnvVarsInLog = 0;
		};
		2D01333223CA1A61003C3DCA /*  Firebase Crashlytics */ = {
			isa = PBXShellScriptBuildPhase;
			buildActionMask = 2147483647;
			files = (
			);
			inputFileListPaths = (
			);
			inputPaths = (
			);
			name = " Firebase Crashlytics";
			outputFileListPaths = (
			);
			outputPaths = (
			);
			runOnlyForDeploymentPostprocessing = 0;
			shellPath = /bin/sh;
			shellScript = "#\"${PODS_ROOT}/Fabric/run\"\n";
		};
		68B3DC9938E0FA57E0FBEBF4 /* [CP] Check Pods Manifest.lock */ = {
			isa = PBXShellScriptBuildPhase;
			buildActionMask = 2147483647;
			files = (
			);
			inputFileListPaths = (
			);
			inputPaths = (
				"${PODS_PODFILE_DIR_PATH}/Podfile.lock",
				"${PODS_ROOT}/Manifest.lock",
			);
			name = "[CP] Check Pods Manifest.lock";
			outputFileListPaths = (
			);
			outputPaths = (
				"$(DERIVED_FILE_DIR)/Pods-UmTests-checkManifestLockResult.txt",
			);
			runOnlyForDeploymentPostprocessing = 0;
			shellPath = /bin/sh;
			shellScript = "diff \"${PODS_PODFILE_DIR_PATH}/Podfile.lock\" \"${PODS_ROOT}/Manifest.lock\" > /dev/null\nif [ $? != 0 ] ; then\n    # print error to STDERR\n    echo \"error: The sandbox is not in sync with the Podfile.lock. Run 'pod install' or update your CocoaPods installation.\" >&2\n    exit 1\nfi\n# This output is used by Xcode 'outputs' to avoid re-running this script phase.\necho \"SUCCESS\" > \"${SCRIPT_OUTPUT_FILE_0}\"\n";
			showEnvVarsInLog = 0;
		};
		9252CF0BCC3BB51EBBEA4B81 /* [CP] Check Pods Manifest.lock */ = {
			isa = PBXShellScriptBuildPhase;
			buildActionMask = 2147483647;
			files = (
			);
			inputFileListPaths = (
			);
			inputPaths = (
				"${PODS_PODFILE_DIR_PATH}/Podfile.lock",
				"${PODS_ROOT}/Manifest.lock",
			);
			name = "[CP] Check Pods Manifest.lock";
			outputFileListPaths = (
			);
			outputPaths = (
				"$(DERIVED_FILE_DIR)/Pods-Um-checkManifestLockResult.txt",
			);
			runOnlyForDeploymentPostprocessing = 0;
			shellPath = /bin/sh;
			shellScript = "diff \"${PODS_PODFILE_DIR_PATH}/Podfile.lock\" \"${PODS_ROOT}/Manifest.lock\" > /dev/null\nif [ $? != 0 ] ; then\n    # print error to STDERR\n    echo \"error: The sandbox is not in sync with the Podfile.lock. Run 'pod install' or update your CocoaPods installation.\" >&2\n    exit 1\nfi\n# This output is used by Xcode 'outputs' to avoid re-running this script phase.\necho \"SUCCESS\" > \"${SCRIPT_OUTPUT_FILE_0}\"\n";
			showEnvVarsInLog = 0;
		};
/* End PBXShellScriptBuildPhase section */

/* Begin PBXSourcesBuildPhase section */
		2D13D3A623C648A8001C91C2 /* Sources */ = {
			isa = PBXSourcesBuildPhase;
			buildActionMask = 2147483647;
			files = (
				2D7795CE23CCCF2B005B84A9 /* MainCoordinatorFactory.swift in Sources */,
				2D7795D023CCCF45005B84A9 /* MainCoordinatorFactoryProtocol.swift in Sources */,
				2D01332F23CA1156003C3DCA /* ApplicationCoordinator.swift in Sources */,
				2D7795CB23CCCEBF005B84A9 /* MainModuleFactoryType.swift in Sources */,
				2D2BBC2C23CCC27B0052394B /* ApplicationConfiguration.swift in Sources */,
				2D2BBC3223CCC46D0052394B /* MainTabBarController.swift in Sources */,
				2D7795C523CCCE57005B84A9 /* MainTabCoordinator.swift in Sources */,
				2D7795C923CCCEA0005B84A9 /* MainModuleFactory.swift in Sources */,
				2D13D3AE23C648A8001C91C2 /* AppDelegate.swift in Sources */,
				2D01332D23CA113D003C3DCA /* ApplicationInjector.swift in Sources */,
			);
			runOnlyForDeploymentPostprocessing = 0;
		};
		2D13D3BC23C648AA001C91C2 /* Sources */ = {
			isa = PBXSourcesBuildPhase;
			buildActionMask = 2147483647;
			files = (
				2D13D3C523C648AA001C91C2 /* UmTests.swift in Sources */,
			);
			runOnlyForDeploymentPostprocessing = 0;
		};
/* End PBXSourcesBuildPhase section */

/* Begin PBXTargetDependency section */
		2D13D3C223C648AA001C91C2 /* PBXTargetDependency */ = {
			isa = PBXTargetDependency;
			target = 2D13D3A923C648A8001C91C2 /* Um */;
			targetProxy = 2D13D3C123C648AA001C91C2 /* PBXContainerItemProxy */;
		};
/* End PBXTargetDependency section */

/* Begin PBXVariantGroup section */
		2D13D3B323C648A8001C91C2 /* Main.storyboard */ = {
			isa = PBXVariantGroup;
			children = (
				2D13D3B423C648A8001C91C2 /* Base */,
			);
			name = Main.storyboard;
			sourceTree = "<group>";
		};
		2D13D3B823C648AA001C91C2 /* LaunchScreen.storyboard */ = {
			isa = PBXVariantGroup;
			children = (
				2D13D3B923C648AA001C91C2 /* Base */,
			);
			name = LaunchScreen.storyboard;
			sourceTree = "<group>";
		};
/* End PBXVariantGroup section */

/* Begin XCBuildConfiguration section */
		2D13D3C723C648AA001C91C2 /* Debug */ = {
			isa = XCBuildConfiguration;
			buildSettings = {
				ALWAYS_SEARCH_USER_PATHS = NO;
				CLANG_ANALYZER_NONNULL = YES;
				CLANG_ANALYZER_NUMBER_OBJECT_CONVERSION = YES_AGGRESSIVE;
				CLANG_CXX_LANGUAGE_STANDARD = "gnu++14";
				CLANG_CXX_LIBRARY = "libc++";
				CLANG_ENABLE_MODULES = YES;
				CLANG_ENABLE_OBJC_ARC = YES;
				CLANG_ENABLE_OBJC_WEAK = YES;
				CLANG_WARN_BLOCK_CAPTURE_AUTORELEASING = YES;
				CLANG_WARN_BOOL_CONVERSION = YES;
				CLANG_WARN_COMMA = YES;
				CLANG_WARN_CONSTANT_CONVERSION = YES;
				CLANG_WARN_DEPRECATED_OBJC_IMPLEMENTATIONS = YES;
				CLANG_WARN_DIRECT_OBJC_ISA_USAGE = YES_ERROR;
				CLANG_WARN_DOCUMENTATION_COMMENTS = YES;
				CLANG_WARN_EMPTY_BODY = YES;
				CLANG_WARN_ENUM_CONVERSION = YES;
				CLANG_WARN_INFINITE_RECURSION = YES;
				CLANG_WARN_INT_CONVERSION = YES;
				CLANG_WARN_NON_LITERAL_NULL_CONVERSION = YES;
				CLANG_WARN_OBJC_IMPLICIT_RETAIN_SELF = YES;
				CLANG_WARN_OBJC_LITERAL_CONVERSION = YES;
				CLANG_WARN_OBJC_ROOT_CLASS = YES_ERROR;
				CLANG_WARN_RANGE_LOOP_ANALYSIS = YES;
				CLANG_WARN_STRICT_PROTOTYPES = YES;
				CLANG_WARN_SUSPICIOUS_MOVE = YES;
				CLANG_WARN_UNGUARDED_AVAILABILITY = YES_AGGRESSIVE;
				CLANG_WARN_UNREACHABLE_CODE = YES;
				CLANG_WARN__DUPLICATE_METHOD_MATCH = YES;
				COPY_PHASE_STRIP = NO;
				DEBUG_INFORMATION_FORMAT = dwarf;
				ENABLE_STRICT_OBJC_MSGSEND = YES;
				ENABLE_TESTABILITY = YES;
				GCC_C_LANGUAGE_STANDARD = gnu11;
				GCC_DYNAMIC_NO_PIC = NO;
				GCC_NO_COMMON_BLOCKS = YES;
				GCC_OPTIMIZATION_LEVEL = 0;
				GCC_PREPROCESSOR_DEFINITIONS = (
					"DEBUG=1",
					"$(inherited)",
				);
				GCC_WARN_64_TO_32_BIT_CONVERSION = YES;
				GCC_WARN_ABOUT_RETURN_TYPE = YES_ERROR;
				GCC_WARN_UNDECLARED_SELECTOR = YES;
				GCC_WARN_UNINITIALIZED_AUTOS = YES_AGGRESSIVE;
				GCC_WARN_UNUSED_FUNCTION = YES;
				GCC_WARN_UNUSED_VARIABLE = YES;
				IPHONEOS_DEPLOYMENT_TARGET = 13.0;
				MTL_ENABLE_DEBUG_INFO = INCLUDE_SOURCE;
				MTL_FAST_MATH = YES;
				ONLY_ACTIVE_ARCH = YES;
				SDKROOT = iphoneos;
				SWIFT_ACTIVE_COMPILATION_CONDITIONS = DEBUG;
				SWIFT_OPTIMIZATION_LEVEL = "-Onone";
			};
			name = Debug;
		};
		2D13D3C823C648AA001C91C2 /* Release */ = {
			isa = XCBuildConfiguration;
			buildSettings = {
				ALWAYS_SEARCH_USER_PATHS = NO;
				CLANG_ANALYZER_NONNULL = YES;
				CLANG_ANALYZER_NUMBER_OBJECT_CONVERSION = YES_AGGRESSIVE;
				CLANG_CXX_LANGUAGE_STANDARD = "gnu++14";
				CLANG_CXX_LIBRARY = "libc++";
				CLANG_ENABLE_MODULES = YES;
				CLANG_ENABLE_OBJC_ARC = YES;
				CLANG_ENABLE_OBJC_WEAK = YES;
				CLANG_WARN_BLOCK_CAPTURE_AUTORELEASING = YES;
				CLANG_WARN_BOOL_CONVERSION = YES;
				CLANG_WARN_COMMA = YES;
				CLANG_WARN_CONSTANT_CONVERSION = YES;
				CLANG_WARN_DEPRECATED_OBJC_IMPLEMENTATIONS = YES;
				CLANG_WARN_DIRECT_OBJC_ISA_USAGE = YES_ERROR;
				CLANG_WARN_DOCUMENTATION_COMMENTS = YES;
				CLANG_WARN_EMPTY_BODY = YES;
				CLANG_WARN_ENUM_CONVERSION = YES;
				CLANG_WARN_INFINITE_RECURSION = YES;
				CLANG_WARN_INT_CONVERSION = YES;
				CLANG_WARN_NON_LITERAL_NULL_CONVERSION = YES;
				CLANG_WARN_OBJC_IMPLICIT_RETAIN_SELF = YES;
				CLANG_WARN_OBJC_LITERAL_CONVERSION = YES;
				CLANG_WARN_OBJC_ROOT_CLASS = YES_ERROR;
				CLANG_WARN_RANGE_LOOP_ANALYSIS = YES;
				CLANG_WARN_STRICT_PROTOTYPES = YES;
				CLANG_WARN_SUSPICIOUS_MOVE = YES;
				CLANG_WARN_UNGUARDED_AVAILABILITY = YES_AGGRESSIVE;
				CLANG_WARN_UNREACHABLE_CODE = YES;
				CLANG_WARN__DUPLICATE_METHOD_MATCH = YES;
				COPY_PHASE_STRIP = NO;
				DEBUG_INFORMATION_FORMAT = "dwarf-with-dsym";
				ENABLE_NS_ASSERTIONS = NO;
				ENABLE_STRICT_OBJC_MSGSEND = YES;
				GCC_C_LANGUAGE_STANDARD = gnu11;
				GCC_NO_COMMON_BLOCKS = YES;
				GCC_WARN_64_TO_32_BIT_CONVERSION = YES;
				GCC_WARN_ABOUT_RETURN_TYPE = YES_ERROR;
				GCC_WARN_UNDECLARED_SELECTOR = YES;
				GCC_WARN_UNINITIALIZED_AUTOS = YES_AGGRESSIVE;
				GCC_WARN_UNUSED_FUNCTION = YES;
				GCC_WARN_UNUSED_VARIABLE = YES;
				IPHONEOS_DEPLOYMENT_TARGET = 13.0;
				MTL_ENABLE_DEBUG_INFO = NO;
				MTL_FAST_MATH = YES;
				SDKROOT = iphoneos;
				SWIFT_COMPILATION_MODE = wholemodule;
				SWIFT_OPTIMIZATION_LEVEL = "-O";
				VALIDATE_PRODUCT = YES;
			};
			name = Release;
		};
		2D13D3CA23C648AA001C91C2 /* Debug */ = {
			isa = XCBuildConfiguration;
			baseConfigurationReference = ECE2C43C6F8D7378ECAB1591 /* Pods-Um.debug.xcconfig */;
			buildSettings = {
				ASSETCATALOG_COMPILER_APPICON_NAME = AppIcon;
				CODE_SIGN_IDENTITY = "iPhone Developer";
				CODE_SIGN_STYLE = Manual;
				CURRENT_PROJECT_VERSION = 1;
				DEVELOPMENT_TEAM = 7KW522KWZF;
				INFOPLIST_FILE = "$(SRCROOT)/Um/Configuration/Info.plist";
				IPHONEOS_DEPLOYMENT_TARGET = 13.0;
				LD_RUNPATH_SEARCH_PATHS = (
					"$(inherited)",
					"@executable_path/Frameworks",
				);
				MARKETING_VERSION = 1.0.0;
				PRODUCT_BUNDLE_IDENTIFIER = com.depromeet.um;
				PRODUCT_NAME = "$(TARGET_NAME)";
				PROVISIONING_PROFILE_SPECIFIER = "match Development com.depromeet.um";
				SWIFT_VERSION = 5.0;
				TARGETED_DEVICE_FAMILY = "1,2";
				VERSIONING_SYSTEM = "apple-generic";
			};
			name = Debug;
		};
		2D13D3CB23C648AA001C91C2 /* Release */ = {
			isa = XCBuildConfiguration;
			baseConfigurationReference = ACB0704C37AEB48A5479CA29 /* Pods-Um.release.xcconfig */;
			buildSettings = {
				ASSETCATALOG_COMPILER_APPICON_NAME = AppIcon;
				CODE_SIGN_IDENTITY = "iPhone Distribution";
				CODE_SIGN_STYLE = Manual;
				CURRENT_PROJECT_VERSION = 1;
				DEVELOPMENT_TEAM = 7KW522KWZF;
				INFOPLIST_FILE = "$(SRCROOT)/Um/Configuration/Info.plist";
				IPHONEOS_DEPLOYMENT_TARGET = 13.0;
				LD_RUNPATH_SEARCH_PATHS = (
					"$(inherited)",
					"@executable_path/Frameworks",
				);
				MARKETING_VERSION = 1.0.0;
				PRODUCT_BUNDLE_IDENTIFIER = com.depromeet.um;
				PRODUCT_NAME = "$(TARGET_NAME)";
				PROVISIONING_PROFILE_SPECIFIER = "match AppStore com.depromeet.um";
				SWIFT_VERSION = 5.0;
				TARGETED_DEVICE_FAMILY = "1,2";
				VERSIONING_SYSTEM = "apple-generic";
			};
			name = Release;
		};
		2D13D3CD23C648AA001C91C2 /* Debug */ = {
			isa = XCBuildConfiguration;
			baseConfigurationReference = CC8A1F01BFC5805BDFEBD3AA /* Pods-UmTests.debug.xcconfig */;
			buildSettings = {
				ALWAYS_EMBED_SWIFT_STANDARD_LIBRARIES = YES;
				BUNDLE_LOADER = "$(TEST_HOST)";
				CODE_SIGN_STYLE = Automatic;
				DEVELOPMENT_TEAM = 7KW522KWZF;
				INFOPLIST_FILE = UmTests/Info.plist;
				IPHONEOS_DEPLOYMENT_TARGET = 13.1;
				LD_RUNPATH_SEARCH_PATHS = (
					"$(inherited)",
					"@executable_path/Frameworks",
					"@loader_path/Frameworks",
				);
				PRODUCT_BUNDLE_IDENTIFIER = com.depromeet.UmTests;
				PRODUCT_NAME = "$(TARGET_NAME)";
				SWIFT_VERSION = 5.0;
				TARGETED_DEVICE_FAMILY = "1,2";
				TEST_HOST = "$(BUILT_PRODUCTS_DIR)/Um.app/Um";
			};
			name = Debug;
		};
		2D13D3CE23C648AA001C91C2 /* Release */ = {
			isa = XCBuildConfiguration;
			baseConfigurationReference = 858ABA52857DBE0F5CBF4D4D /* Pods-UmTests.release.xcconfig */;
			buildSettings = {
				ALWAYS_EMBED_SWIFT_STANDARD_LIBRARIES = YES;
				BUNDLE_LOADER = "$(TEST_HOST)";
				CODE_SIGN_STYLE = Automatic;
				DEVELOPMENT_TEAM = 7KW522KWZF;
				INFOPLIST_FILE = UmTests/Info.plist;
				IPHONEOS_DEPLOYMENT_TARGET = 13.1;
				LD_RUNPATH_SEARCH_PATHS = (
					"$(inherited)",
					"@executable_path/Frameworks",
					"@loader_path/Frameworks",
				);
				PRODUCT_BUNDLE_IDENTIFIER = com.depromeet.UmTests;
				PRODUCT_NAME = "$(TARGET_NAME)";
				SWIFT_VERSION = 5.0;
				TARGETED_DEVICE_FAMILY = "1,2";
				TEST_HOST = "$(BUILT_PRODUCTS_DIR)/Um.app/Um";
			};
			name = Release;
		};
/* End XCBuildConfiguration section */

/* Begin XCConfigurationList section */
		2D13D3A523C648A8001C91C2 /* Build configuration list for PBXProject "Um" */ = {
			isa = XCConfigurationList;
			buildConfigurations = (
				2D13D3C723C648AA001C91C2 /* Debug */,
				2D13D3C823C648AA001C91C2 /* Release */,
			);
			defaultConfigurationIsVisible = 0;
			defaultConfigurationName = Release;
		};
		2D13D3C923C648AA001C91C2 /* Build configuration list for PBXNativeTarget "Um" */ = {
			isa = XCConfigurationList;
			buildConfigurations = (
				2D13D3CA23C648AA001C91C2 /* Debug */,
				2D13D3CB23C648AA001C91C2 /* Release */,
			);
			defaultConfigurationIsVisible = 0;
			defaultConfigurationName = Release;
		};
		2D13D3CC23C648AA001C91C2 /* Build configuration list for PBXNativeTarget "UmTests" */ = {
			isa = XCConfigurationList;
			buildConfigurations = (
				2D13D3CD23C648AA001C91C2 /* Debug */,
				2D13D3CE23C648AA001C91C2 /* Release */,
			);
			defaultConfigurationIsVisible = 0;
			defaultConfigurationName = Release;
		};
/* End XCConfigurationList section */
	};
	rootObject = 2D13D3A223C648A8001C91C2 /* Project object */;
}
